// !$*UTF8*$!
{
	archiveVersion = 1;
	classes = {
	};
	objectVersion = 51;
	objects = {

/* Begin PBXBuildFile section */
		0F7B96A7FF37A723307FD2DA /* Pods_WeatherAppTest.framework in Frameworks */ = {isa = PBXBuildFile; fileRef = 958CB74E8E6991FC391D8D1A /* Pods_WeatherAppTest.framework */; };
		9034C863268BBB7200F530F9 /* AppDelegate.swift in Sources */ = {isa = PBXBuildFile; fileRef = 9034C862268BBB7200F530F9 /* AppDelegate.swift */; };
		9034C867268BBB7200F530F9 /* ViewController.swift in Sources */ = {isa = PBXBuildFile; fileRef = 9034C866268BBB7200F530F9 /* ViewController.swift */; };
		9034C86A268BBB7200F530F9 /* Main.storyboard in Resources */ = {isa = PBXBuildFile; fileRef = 9034C868268BBB7200F530F9 /* Main.storyboard */; };
		9034C86C268BBB7400F530F9 /* Assets.xcassets in Resources */ = {isa = PBXBuildFile; fileRef = 9034C86B268BBB7400F530F9 /* Assets.xcassets */; };
		9034C86F268BBB7400F530F9 /* LaunchScreen.storyboard in Resources */ = {isa = PBXBuildFile; fileRef = 9034C86D268BBB7400F530F9 /* LaunchScreen.storyboard */; };
/* End PBXBuildFile section */

/* Begin PBXFileReference section */
		7070648C37C163C40CB16C81 /* Pods-WeatherAppTest.release.xcconfig */ = {isa = PBXFileReference; includeInIndex = 1; lastKnownFileType = text.xcconfig; name = "Pods-WeatherAppTest.release.xcconfig"; path = "Target Support Files/Pods-WeatherAppTest/Pods-WeatherAppTest.release.xcconfig"; sourceTree = "<group>"; };
		9034C85F268BBB7200F530F9 /* WeatherAppTest.app */ = {isa = PBXFileReference; explicitFileType = wrapper.application; includeInIndex = 0; path = WeatherAppTest.app; sourceTree = BUILT_PRODUCTS_DIR; };
		9034C862268BBB7200F530F9 /* AppDelegate.swift */ = {isa = PBXFileReference; lastKnownFileType = sourcecode.swift; path = AppDelegate.swift; sourceTree = "<group>"; };
		9034C866268BBB7200F530F9 /* ViewController.swift */ = {isa = PBXFileReference; lastKnownFileType = sourcecode.swift; path = ViewController.swift; sourceTree = "<group>"; };
		9034C869268BBB7200F530F9 /* Base */ = {isa = PBXFileReference; lastKnownFileType = file.storyboard; name = Base; path = Base.lproj/Main.storyboard; sourceTree = "<group>"; };
		9034C86B268BBB7400F530F9 /* Assets.xcassets */ = {isa = PBXFileReference; lastKnownFileType = folder.assetcatalog; path = Assets.xcassets; sourceTree = "<group>"; };
		9034C86E268BBB7400F530F9 /* Base */ = {isa = PBXFileReference; lastKnownFileType = file.storyboard; name = Base; path = Base.lproj/LaunchScreen.storyboard; sourceTree = "<group>"; };
		9034C870268BBB7400F530F9 /* Info.plist */ = {isa = PBXFileReference; lastKnownFileType = text.plist.xml; path = Info.plist; sourceTree = "<group>"; };
		958CB74E8E6991FC391D8D1A /* Pods_WeatherAppTest.framework */ = {isa = PBXFileReference; explicitFileType = wrapper.framework; includeInIndex = 0; path = Pods_WeatherAppTest.framework; sourceTree = BUILT_PRODUCTS_DIR; };
		A25137290E4E065BB4868885 /* Pods-WeatherAppTest.debug.xcconfig */ = {isa = PBXFileReference; includeInIndex = 1; lastKnownFileType = text.xcconfig; name = "Pods-WeatherAppTest.debug.xcconfig"; path = "Target Support Files/Pods-WeatherAppTest/Pods-WeatherAppTest.debug.xcconfig"; sourceTree = "<group>"; };
/* End PBXFileReference section */

/* Begin PBXFrameworksBuildPhase section */
		9034C85C268BBB7200F530F9 /* Frameworks */ = {
			isa = PBXFrameworksBuildPhase;
			buildActionMask = 2147483647;
			files = (
				0F7B96A7FF37A723307FD2DA /* Pods_WeatherAppTest.framework in Frameworks */,
			);
			runOnlyForDeploymentPostprocessing = 0;
		};
/* End PBXFrameworksBuildPhase section */

/* Begin PBXGroup section */
		5C2D111E40614EE3EBFB455E /* Pods */ = {
			isa = PBXGroup;
			children = (
				A25137290E4E065BB4868885 /* Pods-WeatherAppTest.debug.xcconfig */,
				7070648C37C163C40CB16C81 /* Pods-WeatherAppTest.release.xcconfig */,
			);
			path = Pods;
			sourceTree = "<group>";
		};
		9034C856268BBB7200F530F9 = {
			isa = PBXGroup;
			children = (
				9034C861268BBB7200F530F9 /* WeatherAppTest */,
				9034C860268BBB7200F530F9 /* Products */,
				5C2D111E40614EE3EBFB455E /* Pods */,
				D5A3D12678F66B316E8B1993 /* Frameworks */,
			);
			sourceTree = "<group>";
		};
		9034C860268BBB7200F530F9 /* Products */ = {
			isa = PBXGroup;
			children = (
				9034C85F268BBB7200F530F9 /* WeatherAppTest.app */,
			);
			name = Products;
			sourceTree = "<group>";
		};
		9034C861268BBB7200F530F9 /* WeatherAppTest */ = {
			isa = PBXGroup;
			children = (
				9034C862268BBB7200F530F9 /* AppDelegate.swift */,
				9034C866268BBB7200F530F9 /* ViewController.swift */,
				9034C868268BBB7200F530F9 /* Main.storyboard */,
				9034C86B268BBB7400F530F9 /* Assets.xcassets */,
				9034C86D268BBB7400F530F9 /* LaunchScreen.storyboard */,
				9034C870268BBB7400F530F9 /* Info.plist */,
			);
			path = WeatherAppTest;
			sourceTree = "<group>";
		};
		D5A3D12678F66B316E8B1993 /* Frameworks */ = {
			isa = PBXGroup;
			children = (
				958CB74E8E6991FC391D8D1A /* Pods_WeatherAppTest.framework */,
			);
			name = Frameworks;
			sourceTree = "<group>";
		};
/* End PBXGroup section */

/* Begin PBXNativeTarget section */
		9034C85E268BBB7200F530F9 /* WeatherAppTest */ = {
			isa = PBXNativeTarget;
			buildConfigurationList = 9034C873268BBB7400F530F9 /* Build configuration list for PBXNativeTarget "WeatherAppTest" */;
			buildPhases = (
				FE0F43580FCDF7F63881A2D1 /* [CP] Check Pods Manifest.lock */,
				9034C85B268BBB7200F530F9 /* Sources */,
				9034C85C268BBB7200F530F9 /* Frameworks */,
				9034C85D268BBB7200F530F9 /* Resources */,
				48FBF9B2169B1DEC39C0FD6A /* [CP] Embed Pods Frameworks */,
			);
			buildRules = (
			);
			dependencies = (
			);
			name = WeatherAppTest;
			productName = WeatherAppTest;
			productReference = 9034C85F268BBB7200F530F9 /* WeatherAppTest.app */;
			productType = "com.apple.product-type.application";
		};
/* End PBXNativeTarget section */

/* Begin PBXProject section */
		9034C857268BBB7200F530F9 /* Project object */ = {
			isa = PBXProject;
			attributes = {
				LastSwiftUpdateCheck = 1250;
				LastUpgradeCheck = 1250;
				TargetAttributes = {
					9034C85E268BBB7200F530F9 = {
						CreatedOnToolsVersion = 12.5.1;
					};
				};
			};
			buildConfigurationList = 9034C85A268BBB7200F530F9 /* Build configuration list for PBXProject "WeatherAppTest" */;
			compatibilityVersion = "Xcode 9.3";
			developmentRegion = en;
			hasScannedForEncodings = 0;
			knownRegions = (
				en,
				Base,
			);
			mainGroup = 9034C856268BBB7200F530F9;
			productRefGroup = 9034C860268BBB7200F530F9 /* Products */;
			projectDirPath = "";
			projectRoot = "";
			targets = (
				9034C85E268BBB7200F530F9 /* WeatherAppTest */,
			);
		};
/* End PBXProject section */

/* Begin PBXResourcesBuildPhase section */
		9034C85D268BBB7200F530F9 /* Resources */ = {
			isa = PBXResourcesBuildPhase;
			buildActionMask = 2147483647;
			files = (
				9034C86F268BBB7400F530F9 /* LaunchScreen.storyboard in Resources */,
				9034C86C268BBB7400F530F9 /* Assets.xcassets in Resources */,
				9034C86A268BBB7200F530F9 /* Main.storyboard in Resources */,
			);
			runOnlyForDeploymentPostprocessing = 0;
		};
/* End PBXResourcesBuildPhase section */

/* Begin PBXShellScriptBuildPhase section */
		48FBF9B2169B1DEC39C0FD6A /* [CP] Embed Pods Frameworks */ = {
			isa = PBXShellScriptBuildPhase;
			buildActionMask = 2147483647;
			files = (
			);
			inputFileListPaths = (
				"${PODS_ROOT}/Target Support Files/Pods-WeatherAppTest/Pods-WeatherAppTest-frameworks-${CONFIGURATION}-input-files.xcfilelist",
			);
			name = "[CP] Embed Pods Frameworks";
			outputFileListPaths = (
				"${PODS_ROOT}/Target Support Files/Pods-WeatherAppTest/Pods-WeatherAppTest-frameworks-${CONFIGURATION}-output-files.xcfilelist",
			);
			runOnlyForDeploymentPostprocessing = 0;
			shellPath = /bin/sh;
			shellScript = "\"${PODS_ROOT}/Target Support Files/Pods-WeatherAppTest/Pods-WeatherAppTest-frameworks.sh\"\n";
			showEnvVarsInLog = 0;
		};
		FE0F43580FCDF7F63881A2D1 /* [CP] Check Pods Manifest.lock */ = {
			isa = PBXShellScriptBuildPhase;
			buildActionMask = 2147483647;
			files = (
			);
			inputFileListPaths = (
			);
			inputPaths = (
				"${PODS_PODFILE_DIR_PATH}/Podfile.lock",
				"${PODS_ROOT}/Manifest.lock",
			);
			name = "[CP] Check Pods Manifest.lock";
			outputFileListPaths = (
			);
			outputPaths = (
				"$(DERIVED_FILE_DIR)/Pods-WeatherAppTest-checkManifestLockResult.txt",
			);
			runOnlyForDeploymentPostprocessing = 0;
			shellPath = /bin/sh;
			shellScript = "diff \"${PODS_PODFILE_DIR_PATH}/Podfile.lock\" \"${PODS_ROOT}/Manifest.lock\" > /dev/null\nif [ $? != 0 ] ; then\n    # print error to STDERR\n    echo \"error: The sandbox is not in sync with the Podfile.lock. Run 'pod install' or update your CocoaPods installation.\" >&2\n    exit 1\nfi\n# This output is used by Xcode 'outputs' to avoid re-running this script phase.\necho \"SUCCESS\" > \"${SCRIPT_OUTPUT_FILE_0}\"\n";
			showEnvVarsInLog = 0;
		};
/* End PBXShellScriptBuildPhase section */

/* Begin PBXSourcesBuildPhase section */
		9034C85B268BBB7200F530F9 /* Sources */ = {
			isa = PBXSourcesBuildPhase;
			buildActionMask = 2147483647;
			files = (
				9034C867268BBB7200F530F9 /* ViewController.swift in Sources */,
				9034C863268BBB7200F530F9 /* AppDelegate.swift in Sources */,
			);
			runOnlyForDeploymentPostprocessing = 0;
		};
/* End PBXSourcesBuildPhase section */

/* Begin PBXVariantGroup section */
		9034C868268BBB7200F530F9 /* Main.storyboard */ = {
			isa = PBXVariantGroup;
			children = (
				9034C869268BBB7200F530F9 /* Base */,
			);
			name = Main.storyboard;
			sourceTree = "<group>";
		};
		9034C86D268BBB7400F530F9 /* LaunchScreen.storyboard */ = {
			isa = PBXVariantGroup;
			children = (
				9034C86E268BBB7400F530F9 /* Base */,
			);
			name = LaunchScreen.storyboard;
			sourceTree = "<group>";
		};
/* End PBXVariantGroup section */

/* Begin XCBuildConfiguration section */
		9034C871268BBB7400F530F9 /* Debug */ = {
			isa = XCBuildConfiguration;
			buildSettings = {
				ALWAYS_SEARCH_USER_PATHS = NO;
				CLANG_ANALYZER_NONNULL = YES;
				CLANG_ANALYZER_NUMBER_OBJECT_CONVERSION = YES_AGGRESSIVE;
				CLANG_CXX_LANGUAGE_STANDARD = "gnu++14";
				CLANG_CXX_LIBRARY = "libc++";
				CLANG_ENABLE_MODULES = YES;
				CLANG_ENABLE_OBJC_ARC = YES;
				CLANG_ENABLE_OBJC_WEAK = YES;
				CLANG_WARN_BLOCK_CAPTURE_AUTORELEASING = YES;
				CLANG_WARN_BOOL_CONVERSION = YES;
				CLANG_WARN_COMMA = YES;
				CLANG_WARN_CONSTANT_CONVERSION = YES;
				CLANG_WARN_DEPRECATED_OBJC_IMPLEMENTATIONS = YES;
				CLANG_WARN_DIRECT_OBJC_ISA_USAGE = YES_ERROR;
				CLANG_WARN_DOCUMENTATION_COMMENTS = YES;
				CLANG_WARN_EMPTY_BODY = YES;
				CLANG_WARN_ENUM_CONVERSION = YES;
				CLANG_WARN_INFINITE_RECURSION = YES;
				CLANG_WARN_INT_CONVERSION = YES;
				CLANG_WARN_NON_LITERAL_NULL_CONVERSION = YES;
				CLANG_WARN_OBJC_IMPLICIT_RETAIN_SELF = YES;
				CLANG_WARN_OBJC_LITERAL_CONVERSION = YES;
				CLANG_WARN_OBJC_ROOT_CLASS = YES_ERROR;
				CLANG_WARN_QUOTED_INCLUDE_IN_FRAMEWORK_HEADER = YES;
				CLANG_WARN_RANGE_LOOP_ANALYSIS = YES;
				CLANG_WARN_STRICT_PROTOTYPES = YES;
				CLANG_WARN_SUSPICIOUS_MOVE = YES;
				CLANG_WARN_UNGUARDED_AVAILABILITY = YES_AGGRESSIVE;
				CLANG_WARN_UNREACHABLE_CODE = YES;
				CLANG_WARN__DUPLICATE_METHOD_MATCH = YES;
				COPY_PHASE_STRIP = NO;
				DEBUG_INFORMATION_FORMAT = dwarf;
				ENABLE_STRICT_OBJC_MSGSEND = YES;
				ENABLE_TESTABILITY = YES;
				GCC_C_LANGUAGE_STANDARD = gnu11;
				GCC_DYNAMIC_NO_PIC = NO;
				GCC_NO_COMMON_BLOCKS = YES;
				GCC_OPTIMIZATION_LEVEL = 0;
				GCC_PREPROCESSOR_DEFINITIONS = (
					"DEBUG=1",
					"$(inherited)",
				);
				GCC_WARN_64_TO_32_BIT_CONVERSION = YES;
				GCC_WARN_ABOUT_RETURN_TYPE = YES_ERROR;
				GCC_WARN_UNDECLARED_SELECTOR = YES;
				GCC_WARN_UNINITIALIZED_AUTOS = YES_AGGRESSIVE;
				GCC_WARN_UNUSED_FUNCTION = YES;
				GCC_WARN_UNUSED_VARIABLE = YES;
				IPHONEOS_DEPLOYMENT_TARGET = 14.5;
				MTL_ENABLE_DEBUG_INFO = INCLUDE_SOURCE;
				MTL_FAST_MATH = YES;
				ONLY_ACTIVE_ARCH = YES;
				SDKROOT = iphoneos;
				SWIFT_ACTIVE_COMPILATION_CONDITIONS = DEBUG;
				SWIFT_OPTIMIZATION_LEVEL = "-Onone";
			};
			name = Debug;
		};
		9034C872268BBB7400F530F9 /* Release */ = {
			isa = XCBuildConfiguration;
			buildSettings = {
				ALWAYS_SEARCH_USER_PATHS = NO;
				CLANG_ANALYZER_NONNULL = YES;
				CLANG_ANALYZER_NUMBER_OBJECT_CONVERSION = YES_AGGRESSIVE;
				CLANG_CXX_LANGUAGE_STANDARD = "gnu++14";
				CLANG_CXX_LIBRARY = "libc++";
				CLANG_ENABLE_MODULES = YES;
				CLANG_ENABLE_OBJC_ARC = YES;
				CLANG_ENABLE_OBJC_WEAK = YES;
				CLANG_WARN_BLOCK_CAPTURE_AUTORELEASING = YES;
				CLANG_WARN_BOOL_CONVERSION = YES;
				CLANG_WARN_COMMA = YES;
				CLANG_WARN_CONSTANT_CONVERSION = YES;
				CLANG_WARN_DEPRECATED_OBJC_IMPLEMENTATIONS = YES;
				CLANG_WARN_DIRECT_OBJC_ISA_USAGE = YES_ERROR;
				CLANG_WARN_DOCUMENTATION_COMMENTS = YES;
				CLANG_WARN_EMPTY_BODY = YES;
				CLANG_WARN_ENUM_CONVERSION = YES;
				CLANG_WARN_INFINITE_RECURSION = YES;
				CLANG_WARN_INT_CONVERSION = YES;
				CLANG_WARN_NON_LITERAL_NULL_CONVERSION = YES;
				CLANG_WARN_OBJC_IMPLICIT_RETAIN_SELF = YES;
				CLANG_WARN_OBJC_LITERAL_CONVERSION = YES;
				CLANG_WARN_OBJC_ROOT_CLASS = YES_ERROR;
				CLANG_WARN_QUOTED_INCLUDE_IN_FRAMEWORK_HEADER = YES;
				CLANG_WARN_RANGE_LOOP_ANALYSIS = YES;
				CLANG_WARN_STRICT_PROTOTYPES = YES;
				CLANG_WARN_SUSPICIOUS_MOVE = YES;
				CLANG_WARN_UNGUARDED_AVAILABILITY = YES_AGGRESSIVE;
				CLANG_WARN_UNREACHABLE_CODE = YES;
				CLANG_WARN__DUPLICATE_METHOD_MATCH = YES;
				COPY_PHASE_STRIP = NO;
				DEBUG_INFORMATION_FORMAT = "dwarf-with-dsym";
				ENABLE_NS_ASSERTIONS = NO;
				ENABLE_STRICT_OBJC_MSGSEND = YES;
				GCC_C_LANGUAGE_STANDARD = gnu11;
				GCC_NO_COMMON_BLOCKS = YES;
				GCC_WARN_64_TO_32_BIT_CONVERSION = YES;
				GCC_WARN_ABOUT_RETURN_TYPE = YES_ERROR;
				GCC_WARN_UNDECLARED_SELECTOR = YES;
				GCC_WARN_UNINITIALIZED_AUTOS = YES_AGGRESSIVE;
				GCC_WARN_UNUSED_FUNCTION = YES;
				GCC_WARN_UNUSED_VARIABLE = YES;
				IPHONEOS_DEPLOYMENT_TARGET = 14.5;
				MTL_ENABLE_DEBUG_INFO = NO;
				MTL_FAST_MATH = YES;
				SDKROOT = iphoneos;
				SWIFT_COMPILATION_MODE = wholemodule;
				SWIFT_OPTIMIZATION_LEVEL = "-O";
				VALIDATE_PRODUCT = YES;
			};
			name = Release;
		};
		9034C874268BBB7400F530F9 /* Debug */ = {
			isa = XCBuildConfiguration;
			baseConfigurationReference = A25137290E4E065BB4868885 /* Pods-WeatherAppTest.debug.xcconfig */;
			buildSettings = {
				ASSETCATALOG_COMPILER_APPICON_NAME = AppIcon;
				ASSETCATALOG_COMPILER_GLOBAL_ACCENT_COLOR_NAME = AccentColor;
				CODE_SIGN_STYLE = Automatic;
				DEVELOPMENT_TEAM = FFZV9CTJ5M;
				INFOPLIST_FILE = WeatherAppTest/Info.plist;
				LD_RUNPATH_SEARCH_PATHS = (
					"$(inherited)",
					"@executable_path/Frameworks",
				);
				PRODUCT_BUNDLE_IDENTIFIER = "Gleb-Ilchyshyn.WeatherAppTest";
				PRODUCT_NAME = "$(TARGET_NAME)";
				SWIFT_VERSION = 5.0;
				TARGETED_DEVICE_FAMILY = "1,2";
			};
			name = Debug;
		};
		9034C875268BBB7400F530F9 /* Release */ = {
			isa = XCBuildConfiguration;
			baseConfigurationReference = 7070648C37C163C40CB16C81 /* Pods-WeatherAppTest.release.xcconfig */;
			buildSettings = {
				ASSETCATALOG_COMPILER_APPICON_NAME = AppIcon;
				ASSETCATALOG_COMPILER_GLOBAL_ACCENT_COLOR_NAME = AccentColor;
				CODE_SIGN_STYLE = Automatic;
				DEVELOPMENT_TEAM = FFZV9CTJ5M;
				INFOPLIST_FILE = WeatherAppTest/Info.plist;
				LD_RUNPATH_SEARCH_PATHS = (
					"$(inherited)",
					"@executable_path/Frameworks",
				);
				PRODUCT_BUNDLE_IDENTIFIER = "Gleb-Ilchyshyn.WeatherAppTest";
				PRODUCT_NAME = "$(TARGET_NAME)";
				SWIFT_VERSION = 5.0;
				TARGETED_DEVICE_FAMILY = "1,2";
			};
			name = Release;
		};
/* End XCBuildConfiguration section */

/* Begin XCConfigurationList section */
		9034C85A268BBB7200F530F9 /* Build configuration list for PBXProject "WeatherAppTest" */ = {
			isa = XCConfigurationList;
			buildConfigurations = (
				9034C871268BBB7400F530F9 /* Debug */,
				9034C872268BBB7400F530F9 /* Release */,
			);
			defaultConfigurationIsVisible = 0;
			defaultConfigurationName = Release;
		};
		9034C873268BBB7400F530F9 /* Build configuration list for PBXNativeTarget "WeatherAppTest" */ = {
			isa = XCConfigurationList;
			buildConfigurations = (
				9034C874268BBB7400F530F9 /* Debug */,
				9034C875268BBB7400F530F9 /* Release */,
			);
			defaultConfigurationIsVisible = 0;
			defaultConfigurationName = Release;
		};
/* End XCConfigurationList section */
	};
	rootObject = 9034C857268BBB7200F530F9 /* Project object */;
}
